{
  "version": 4,
  "terraform_version": "1.3.3",
  "serial": 21,
  "lineage": "92811bbc-c2fb-b1c4-3035-fc9a84ebc669",
  "outputs": {},
  "resources": [
    {
      "mode": "managed",
      "type": "aws_instance",
      "name": "srv01",
      "provider": "provider[\"registry.terraform.io/hashicorp/aws\"]",
      "instances": [
        {
          "schema_version": 1,
          "attributes": {
            "ami": "ami-0578f2b35d0328762",
            "arn": "arn:aws:ec2:us-east-2:186172234988:instance/i-0be84bfbb0e374f15",
            "associate_public_ip_address": true,
            "availability_zone": "us-east-2c",
            "capacity_reservation_specification": [
              {
                "capacity_reservation_preference": "open",
                "capacity_reservation_target": []
              }
            ],
            "cpu_core_count": 1,
            "cpu_threads_per_core": 1,
            "credit_specification": [
              {
                "cpu_credits": "standard"
              }
            ],
            "disable_api_stop": false,
            "disable_api_termination": false,
            "ebs_block_device": [],
            "ebs_optimized": false,
            "enclave_options": [
              {
                "enabled": false
              }
            ],
            "ephemeral_block_device": [],
            "get_password_data": false,
            "hibernation": false,
            "host_id": "",
            "host_resource_group_arn": null,
            "iam_instance_profile": "",
            "id": "i-0be84bfbb0e374f15",
            "instance_initiated_shutdown_behavior": "stop",
            "instance_state": "running",
            "instance_type": "t2.micro",
            "ipv6_address_count": 0,
            "ipv6_addresses": [],
            "key_name": "TechTVM",
            "launch_template": [],
            "maintenance_options": [
              {
                "auto_recovery": "default"
              }
            ],
            "metadata_options": [
              {
                "http_endpoint": "enabled",
                "http_put_response_hop_limit": 2,
                "http_tokens": "required",
                "instance_metadata_tags": "disabled"
              }
            ],
            "monitoring": false,
            "network_interface": [],
            "outpost_arn": "",
            "password_data": "",
            "placement_group": "",
            "placement_partition_number": 0,
            "primary_network_interface_id": "eni-08a2240923ea2a8ac",
            "private_dns": "ip-172-31-43-161.us-east-2.compute.internal",
            "private_dns_name_options": [
              {
                "enable_resource_name_dns_a_record": false,
                "enable_resource_name_dns_aaaa_record": false,
                "hostname_type": "ip-name"
              }
            ],
            "private_ip": "172.31.43.161",
            "public_dns": "ec2-18-189-43-94.us-east-2.compute.amazonaws.com",
            "public_ip": "18.189.43.94",
            "root_block_device": [
              {
                "delete_on_termination": true,
                "device_name": "/dev/xvda",
                "encrypted": false,
                "iops": 3000,
                "kms_key_id": "",
                "tags": {},
                "throughput": 125,
                "volume_id": "vol-0b88e4b89f872c83a",
                "volume_size": 8,
                "volume_type": "gp3"
              }
            ],
            "secondary_private_ips": [],
            "security_groups": [
              "default"
            ],
            "source_dest_check": true,
            "subnet_id": "subnet-0e69a26abdda97abc",
            "tags": {
              "Name": "TechTVM-Tasks"
            },
            "tags_all": {
              "Name": "TechTVM-Tasks"
            },
            "tenancy": "default",
            "timeouts": null,
            "user_data": null,
            "user_data_base64": null,
            "user_data_replace_on_change": false,
            "volume_tags": null,
            "vpc_security_group_ids": [
              "sg-0ebebd0384433169f"
            ]
          },
          "sensitive_attributes": [],
          "private": "eyJlMmJmYjczMC1lY2FhLTExZTYtOGY4OC0zNDM2M2JjN2M0YzAiOnsiY3JlYXRlIjo2MDAwMDAwMDAwMDAsImRlbGV0ZSI6MTIwMDAwMDAwMDAwMCwidXBkYXRlIjo2MDAwMDAwMDAwMDB9LCJzY2hlbWFfdmVyc2lvbiI6IjEifQ==",
          "dependencies": [
            "aws_key_pair.tech_key"
          ]
        }
      ]
    },
    {
      "mode": "managed",
      "type": "aws_key_pair",
      "name": "tech_key",
      "provider": "provider[\"registry.terraform.io/hashicorp/aws\"]",
      "instances": [
        {
          "schema_version": 1,
          "attributes": {
            "arn": "arn:aws:ec2:us-east-2:186172234988:key-pair/TechTVM",
            "fingerprint": "69:c3:58:3f:02:ab:2e:78:7b:17:80:8c:36:77:2a:f2",
            "id": "TechTVM",
            "key_name": "TechTVM",
            "key_name_prefix": "",
            "key_pair_id": "key-007e26d2ec516dd6a",
            "key_type": "rsa",
            "public_key": "ssh-rsa AAAAB3NzaC1yc2EAAAADAQABAAABgQDAqSBKVyEcmMiB4qgd1opSbWoNrM7M59oE61mTGWSbDvfTzAxd/tn1lxFCrDdLwIubQQSmLyz8ikc/Zkt+XZH4y5QMQ1KfhyxkcbUNgibAfSDrs78QEuWVKW4Dw1F6Pzjn0R2k2qAFJe1uh3+CwAiPs0emMHrDyrvlE3N7IDCcd5tv06hqdlfWjfGK+EtZ+RsmRvKJUT3jcUrhX6utJol1EKVAlTxsyqJz5Ix9noEDJ+pN7TfGVgpnDg0KWDf6l+1opilFVgcuxI5r7wK7HUmNrhYevMShTdIe3Hs3IjzSB4taETzrE2irlyR9QQPdaMjthYBeiM8lYa3Bf7YRB4W+WreHay6hWxbwnVzfPYFjT/Dwy7QIBicOb6+OYrkYav5GyrtYjE6rlaU2N1B2B2cPw6JP0vrECNTVnZK1fvWF/+BUfkRnbwEZMHjUMI7B/JejkjrVm9PLvhA2keDlHP26R+WGw4XQ82yOnduMuUG+uI14563XmzUxJsl1qZQYUjE= hb@SIJJEEL",
            "tags": null,
            "tags_all": {}
          },
          "sensitive_attributes": [],
          "private": "eyJzY2hlbWFfdmVyc2lvbiI6IjEifQ=="
        }
      ]
    }
  ],
  "check_results": []
}
