{
  "version": 4,
  "terraform_version": "1.4.6",
  "serial": 148,
  "lineage": "92811bbc-c2fb-b1c4-3035-fc9a84ebc669",
  "outputs": {
    "instance_id": {
      "value": "i-0e5cc28f06a2dab78",
      "type": "string"
    },
    "instance_public_ip": {
      "value": "3.145.155.119",
      "type": "string"
    },
    "rds_endpoint": {
      "value": "techtvm-db01.csz2p6s00uwa.us-east-2.rds.amazonaws.com:3306",
      "type": "string"
    }
  },
  "resources": [
    {
      "mode": "managed",
      "type": "aws_db_instance",
      "name": "techtvm-rds",
      "provider": "provider[\"registry.terraform.io/hashicorp/aws\"]",
      "instances": [
        {
          "schema_version": 1,
          "attributes": {
            "address": "techtvm-db01.csz2p6s00uwa.us-east-2.rds.amazonaws.com",
            "allocated_storage": 10,
            "allow_major_version_upgrade": null,
            "apply_immediately": true,
            "arn": "arn:aws:rds:us-east-2:186172234988:db:techtvm-db01",
            "auto_minor_version_upgrade": true,
            "availability_zone": "us-east-2c",
            "backup_retention_period": 0,
            "backup_window": "08:08-08:38",
            "blue_green_update": [],
            "ca_cert_identifier": "rds-ca-2019",
            "character_set_name": "",
            "copy_tags_to_snapshot": false,
            "custom_iam_instance_profile": "",
            "customer_owned_ip_enabled": false,
            "db_name": "techtvm_db",
            "db_subnet_group_name": "default",
            "delete_automated_backups": true,
            "deletion_protection": false,
            "domain": "",
            "domain_iam_role_name": "",
            "enabled_cloudwatch_logs_exports": null,
            "endpoint": "techtvm-db01.csz2p6s00uwa.us-east-2.rds.amazonaws.com:3306",
            "engine": "mysql",
            "engine_version": "5.7",
            "engine_version_actual": "5.7.41",
            "final_snapshot_identifier": null,
            "hosted_zone_id": "Z2XHWR1WZ565X2",
            "iam_database_authentication_enabled": false,
            "id": "techtvm-db01",
            "identifier": "techtvm-db01",
            "identifier_prefix": "",
            "instance_class": "db.t3.micro",
            "iops": 0,
            "kms_key_id": "",
            "latest_restorable_time": "",
            "license_model": "general-public-license",
            "listener_endpoint": [],
            "maintenance_window": "wed:07:14-wed:07:44",
            "manage_master_user_password": null,
            "master_user_secret": [],
            "master_user_secret_kms_key_id": null,
            "max_allocated_storage": 0,
            "monitoring_interval": 0,
            "monitoring_role_arn": "",
            "multi_az": false,
            "name": "techtvm_db",
            "nchar_character_set_name": "",
            "network_type": "IPV4",
            "option_group_name": "default:mysql-5-7",
            "parameter_group_name": "default.mysql5.7",
            "password": "dbPass123",
            "performance_insights_enabled": false,
            "performance_insights_kms_key_id": "",
            "performance_insights_retention_period": 0,
            "port": 3306,
            "publicly_accessible": true,
            "replica_mode": "",
            "replicas": [],
            "replicate_source_db": "",
            "resource_id": "db-D6S6X4O2SMDM62IJ6AMHPZ63JE",
            "restore_to_point_in_time": [],
            "s3_import": [],
            "security_group_names": null,
            "skip_final_snapshot": true,
            "snapshot_identifier": null,
            "status": "available",
            "storage_encrypted": false,
            "storage_throughput": 0,
            "storage_type": "gp2",
            "tags": {
              "Environment": "Prod",
              "Name": "techtvm_rds",
              "Project_name": "TechTVM"
            },
            "tags_all": {
              "Environment": "Prod",
              "Name": "techtvm_rds",
              "Project_name": "TechTVM"
            },
            "timeouts": null,
            "timezone": "",
            "username": "dbadmin",
            "vpc_security_group_ids": [
              "sg-0ebebd0384433169f"
            ]
          },
          "sensitive_attributes": [],
          "private": "eyJlMmJmYjczMC1lY2FhLTExZTYtOGY4OC0zNDM2M2JjN2M0YzAiOnsiY3JlYXRlIjoyNDAwMDAwMDAwMDAwLCJkZWxldGUiOjM2MDAwMDAwMDAwMDAsInVwZGF0ZSI6NDgwMDAwMDAwMDAwMH0sInNjaGVtYV92ZXJzaW9uIjoiMSJ9"
        }
      ]
    },
    {
      "mode": "managed",
      "type": "aws_instance",
      "name": "srv01",
      "provider": "provider[\"registry.terraform.io/hashicorp/aws\"]",
      "instances": [
        {
          "schema_version": 1,
          "attributes": {
            "ami": "ami-0a695f0d95cefc163",
            "arn": "arn:aws:ec2:us-east-2:186172234988:instance/i-0e5cc28f06a2dab78",
            "associate_public_ip_address": true,
            "availability_zone": "us-east-2a",
            "capacity_reservation_specification": [
              {
                "capacity_reservation_preference": "open",
                "capacity_reservation_target": []
              }
            ],
            "cpu_core_count": 1,
            "cpu_threads_per_core": 1,
            "credit_specification": [
              {
                "cpu_credits": "standard"
              }
            ],
            "disable_api_stop": false,
            "disable_api_termination": false,
            "ebs_block_device": [],
            "ebs_optimized": false,
            "enclave_options": [
              {
                "enabled": false
              }
            ],
            "ephemeral_block_device": [],
            "get_password_data": false,
            "hibernation": false,
            "host_id": "",
            "host_resource_group_arn": null,
            "iam_instance_profile": "",
            "id": "i-0e5cc28f06a2dab78",
            "instance_initiated_shutdown_behavior": "stop",
            "instance_state": "running",
            "instance_type": "t2.micro",
            "ipv6_address_count": 0,
            "ipv6_addresses": [],
            "key_name": "TechTVM",
            "launch_template": [],
            "maintenance_options": [
              {
                "auto_recovery": "default"
              }
            ],
            "metadata_options": [
              {
                "http_endpoint": "enabled",
                "http_put_response_hop_limit": 1,
                "http_tokens": "optional",
                "instance_metadata_tags": "disabled"
              }
            ],
            "monitoring": false,
            "network_interface": [],
            "outpost_arn": "",
            "password_data": "",
            "placement_group": "",
            "placement_partition_number": 0,
            "primary_network_interface_id": "eni-0f953d535a0d4d2ef",
            "private_dns": "ip-172-31-14-100.us-east-2.compute.internal",
            "private_dns_name_options": [
              {
                "enable_resource_name_dns_a_record": false,
                "enable_resource_name_dns_aaaa_record": false,
                "hostname_type": "ip-name"
              }
            ],
            "private_ip": "172.31.14.100",
            "public_dns": "ec2-3-145-155-119.us-east-2.compute.amazonaws.com",
            "public_ip": "3.145.155.119",
            "root_block_device": [
              {
                "delete_on_termination": true,
                "device_name": "/dev/sda1",
                "encrypted": false,
                "iops": 100,
                "kms_key_id": "",
                "tags": {},
                "throughput": 0,
                "volume_id": "vol-0c76553d42fe0b439",
                "volume_size": 8,
                "volume_type": "gp2"
              }
            ],
            "secondary_private_ips": [],
            "security_groups": [
              "default"
            ],
            "source_dest_check": true,
            "subnet_id": "subnet-0b55892ac6603ca98",
            "tags": {
              "Environment": "Prod",
              "Name": "srv01",
              "Project_name": "TechTVM"
            },
            "tags_all": {
              "Environment": "Prod",
              "Name": "srv01",
              "Project_name": "TechTVM"
            },
            "tenancy": "default",
            "timeouts": null,
            "user_data": null,
            "user_data_base64": null,
            "user_data_replace_on_change": false,
            "volume_tags": null,
            "vpc_security_group_ids": [
              "sg-0ebebd0384433169f"
            ]
          },
          "sensitive_attributes": [],
          "private": "eyJlMmJmYjczMC1lY2FhLTExZTYtOGY4OC0zNDM2M2JjN2M0YzAiOnsiY3JlYXRlIjo2MDAwMDAwMDAwMDAsImRlbGV0ZSI6MTIwMDAwMDAwMDAwMCwidXBkYXRlIjo2MDAwMDAwMDAwMDB9LCJzY2hlbWFfdmVyc2lvbiI6IjEifQ==",
          "dependencies": [
            "aws_key_pair.tech_key"
          ]
        }
      ]
    },
    {
      "mode": "managed",
      "type": "aws_key_pair",
      "name": "tech_key",
      "provider": "provider[\"registry.terraform.io/hashicorp/aws\"]",
      "instances": [
        {
          "schema_version": 1,
          "attributes": {
            "arn": "arn:aws:ec2:us-east-2:186172234988:key-pair/TechTVM",
            "fingerprint": "55:7f:ef:31:01:52:45:9d:5b:8f:82:6a:0a:78:93:a0",
            "id": "TechTVM",
            "key_name": "TechTVM",
            "key_name_prefix": "",
            "key_pair_id": "key-0946ca4e2157a2d62",
            "key_type": "rsa",
            "public_key": "ssh-rsa AAAAB3NzaC1yc2EAAAADAQABAAABgQC+XIor+9A1cd+upyxZs6hCBAKF2omNhLjRvs4JhxyYnLYQm1o2mkZi7Z6SFSg+7A+Q4W9gFNmFlMxkN/kuXLX3gZ09/9s8NYINOs3T3f2fcOA0pqLgKlk+wNbTrilhGMELtl/2UuZjV3Ypn0kalR0HC+EbHYImNSIa9h9MVUZbd9qx5ziiVklZvYh75ZSbv6VVrG2tMX3dI38OKWp7ulyQr+6bNAfVWAiu3Xa+4LIcq53HYOykjm+QXmltIgSHs+45wAM4z/aEdIyzoM5h/FQ0Q4xLFTRwuwa97hEDD/nabU1tifq/6mOqBgW1SJbcncluyA2gs0i2kDZoVCqudKFHClGXpnwZzc3K6hFSaxKScgHGR8S0kzomco0Y3siTdHtThH/Fz2wKaIsw/2ib01qY1FVsSCRi/5UV8aCzBY/mWSgUmEbktX6oLs+m/r8iC96gElvj4O7y8SiaiCjG9G1EXF9OrRhP8/vkoQmyR5zuI23fUZIBjIiyaG8rH6JNY30= sm@SIJJEEL",
            "tags": null,
            "tags_all": {}
          },
          "sensitive_attributes": [],
          "private": "eyJzY2hlbWFfdmVyc2lvbiI6IjEifQ=="
        }
      ]
    },
    {
      "mode": "managed",
      "type": "aws_s3_bucket",
      "name": "techtvm-s3",
      "provider": "provider[\"registry.terraform.io/hashicorp/aws\"]",
      "instances": [
        {
          "schema_version": 0,
          "attributes": {
            "acceleration_status": "",
            "acl": null,
            "arn": "arn:aws:s3:::techtvm-s3",
            "bucket": "techtvm-s3",
            "bucket_domain_name": "techtvm-s3.s3.amazonaws.com",
            "bucket_prefix": "",
            "bucket_regional_domain_name": "techtvm-s3.s3.us-east-2.amazonaws.com",
            "cors_rule": [],
            "force_destroy": false,
            "grant": [
              {
                "id": "52d26d2726edec8128f1a5138756b46ebee09b5bfa33539b65b526585c1cd4d3",
                "permissions": [
                  "FULL_CONTROL"
                ],
                "type": "CanonicalUser",
                "uri": ""
              }
            ],
            "hosted_zone_id": "Z2O1EMRO9K5GLX",
            "id": "techtvm-s3",
            "lifecycle_rule": [],
            "logging": [],
            "object_lock_configuration": [],
            "object_lock_enabled": false,
            "policy": "",
            "region": "us-east-2",
            "replication_configuration": [],
            "request_payer": "BucketOwner",
            "server_side_encryption_configuration": [
              {
                "rule": [
                  {
                    "apply_server_side_encryption_by_default": [
                      {
                        "kms_master_key_id": "",
                        "sse_algorithm": "AES256"
                      }
                    ],
                    "bucket_key_enabled": false
                  }
                ]
              }
            ],
            "tags": {
              "Environment": "Prod",
              "Name": "techtvm-s3",
              "Project_name": "TechTVM"
            },
            "tags_all": {
              "Environment": "Prod",
              "Name": "techtvm-s3",
              "Project_name": "TechTVM"
            },
            "timeouts": null,
            "versioning": [
              {
                "enabled": false,
                "mfa_delete": false
              }
            ],
            "website": [],
            "website_domain": null,
            "website_endpoint": null
          },
          "sensitive_attributes": [],
          "private": "eyJlMmJmYjczMC1lY2FhLTExZTYtOGY4OC0zNDM2M2JjN2M0YzAiOnsiY3JlYXRlIjoxMjAwMDAwMDAwMDAwLCJkZWxldGUiOjM2MDAwMDAwMDAwMDAsInJlYWQiOjEyMDAwMDAwMDAwMDAsInVwZGF0ZSI6MTIwMDAwMDAwMDAwMH19"
        }
      ]
    }
  ],
  "check_results": null
}
